<?xml version="1.0" encoding="utf-8"?>
<Project ToolsVersion="4.0" xmlns="http://schemas.microsoft.com/developer/msbuild/2003">
  <ItemGroup>
    <Filter Include="Shaders">
      <UniqueIdentifier>{e0f0b82f-ee02-4ac6-b85f-58844c45ed69}</UniqueIdentifier>
    </Filter>
    <Filter Include="Shaders\Test">
      <UniqueIdentifier>{cc9f4532-e086-44fb-93da-80148e1544cb}</UniqueIdentifier>
    </Filter>
  </ItemGroup>
  <ItemGroup>
    <None Include="..\d3d11nt\Data\Shaders\Test\ps.ps">
      <Filter>Shaders\Test</Filter>
    </None>
    <None Include="..\d3d11nt\Data\Shaders\Test\vs.vs">
      <Filter>Shaders\Test</Filter>
    </None>
    <None Include="..\d3d11nt\Data\Shaders\Test\constants.h">
      <Filter>Shaders\Test</Filter>
    </None>
  </ItemGroup>
</Project>