<?xml version="1.0" encoding="utf-8"?>
<Project ToolsVersion="4.0" xmlns="http://schemas.microsoft.com/developer/msbuild/2003">
  <ItemGroup>
    <Filter Include="Source Files">
      <UniqueIdentifier>{4FC737F1-C7A5-4376-A066-2A32D752A2FF}</UniqueIdentifier>
      <Extensions>cpp;c;cc;cxx;def;odl;idl;hpj;bat;asm;asmx</Extensions>
    </Filter>
    <Filter Include="Header Files">
      <UniqueIdentifier>{93995380-89BD-4b04-88EB-625FBE52EBFB}</UniqueIdentifier>
      <Extensions>h;hh;hpp;hxx;hm;inl;inc;xsd</Extensions>
    </Filter>
    <Filter Include="Resource Files">
      <UniqueIdentifier>{67DA6AB6-F800-4c08-8B7A-83BB121AAD01}</UniqueIdentifier>
      <Extensions>rc;ico;cur;bmp;dlg;rc2;rct;bin;rgs;gif;jpg;jpeg;jpe;resx;tiff;tif;png;wav;mfcribbon-ms</Extensions>
    </Filter>
  </ItemGroup>
  <ItemGroup>
    <Text Include="ReadMe.txt" />
  </ItemGroup>
  <ItemGroup>
    <ClInclude Include="stdafx.h">
      <Filter>Header Files</Filter>
    </ClInclude>
    <ClInclude Include="targetver.h">
      <Filter>Header Files</Filter>
    </ClInclude>
    <ClInclude Include="..\d3d11nt\graphics\DisplayAdaptersList.h">
      <Filter>Header Files</Filter>
    </ClInclude>
    <ClInclude Include="..\d3d11nt\graphics\DX11Object.h">
      <Filter>Header Files</Filter>
    </ClInclude>
    <ClInclude Include="..\d3d11nt\graphics\dxerrorcodesinterpreteutil.h">
      <Filter>Header Files</Filter>
    </ClInclude>
    <ClInclude Include="..\d3d11nt\graphics\dxlogicsafety.h">
      <Filter>Header Files</Filter>
    </ClInclude>
    <ClInclude Include="..\d3d11nt\graphics\GraphicsDevice.h">
      <Filter>Header Files</Filter>
    </ClInclude>
    <ClInclude Include="..\d3d11nt\graphics\GraphicsOptions.h">
      <Filter>Header Files</Filter>
    </ClInclude>
    <ClInclude Include="..\d3d11nt\graphics\GraphicsSurface.h">
      <Filter>Header Files</Filter>
    </ClInclude>
    <ClInclude Include="..\d3d11nt\graphics\GraphicsSwapchain.h">
      <Filter>Header Files</Filter>
    </ClInclude>
    <ClInclude Include="..\d3d11nt\graphics\GraphicsViewport.h">
      <Filter>Header Files</Filter>
    </ClInclude>
    <ClInclude Include="..\d3d11nt\graphics\multisampleutils.h">
      <Filter>Header Files</Filter>
    </ClInclude>
    <ClInclude Include="..\d3d11nt\graphics\Renderer.h">
      <Filter>Header Files</Filter>
    </ClInclude>
    <ClInclude Include="..\d3d11nt\graphics\RenderSet.h">
      <Filter>Header Files</Filter>
    </ClInclude>
    <ClInclude Include="..\d3d11nt\graphics\Texture2D.h">
      <Filter>Header Files</Filter>
    </ClInclude>
    <ClInclude Include="..\d3d11nt\graphics\vectors.h">
      <Filter>Header Files</Filter>
    </ClInclude>
    <ClInclude Include="..\d3d11nt\Graphics\FrameMeasurer.h">
      <Filter>Header Files</Filter>
    </ClInclude>
    <ClInclude Include="..\d3d11nt\Graphics\GraphicsBuffer.h">
      <Filter>Header Files</Filter>
    </ClInclude>
    <ClInclude Include="..\d3d11nt\Graphics\VertexData.h">
      <Filter>Header Files</Filter>
    </ClInclude>
    <ClInclude Include="..\d3d11nt\Graphics\GraphicsShader.h">
      <Filter>Header Files</Filter>
    </ClInclude>
    <ClInclude Include="..\d3d11nt\Graphics\GraphicsInputLayout.h">
      <Filter>Header Files</Filter>
    </ClInclude>
    <ClInclude Include="..\d3d11nt\Graphics\ConstantsPreprocessing.h">
      <Filter>Header Files</Filter>
    </ClInclude>
    <ClInclude Include="..\d3d11nt\Graphics\GraphicsConstantsBuffer.h">
      <Filter>Header Files</Filter>
    </ClInclude>
    <ClInclude Include="..\d3d11nt\Graphics\ShadersCollection.h">
      <Filter>Header Files</Filter>
    </ClInclude>
    <ClInclude Include="..\d3d11nt\Graphics\FrameRateLock.h">
      <Filter>Header Files</Filter>
    </ClInclude>
    <ClInclude Include="..\d3d11nt\Graphics\SceneGraph.h">
      <Filter>Header Files</Filter>
    </ClInclude>
    <ClInclude Include="..\d3d11nt\Graphics\GraphicsObject.h">
      <Filter>Header Files</Filter>
    </ClInclude>
    <ClInclude Include="..\d3d11nt\Graphics\GraphicsObjectManager.h">
      <Filter>Header Files</Filter>
    </ClInclude>
    <ClInclude Include="..\d3d11nt\Graphics\GraphicsMaterialsManager.h">
      <Filter>Header Files</Filter>
    </ClInclude>
    <ClInclude Include="..\d3d11nt\Graphics\OrdinaryGraphicsObjectManager.h">
      <Filter>Header Files</Filter>
    </ClInclude>
    <ClInclude Include="..\d3d11nt\Graphics\GraphicsMaterial.h">
      <Filter>Header Files</Filter>
    </ClInclude>
    <ClInclude Include="..\d3d11nt\Graphics\PlainColorMaterial.h">
      <Filter>Header Files</Filter>
    </ClInclude>
    <ClInclude Include="..\d3d11nt\Graphics\GraphicsTopology.h">
      <Filter>Header Files</Filter>
    </ClInclude>
    <ClInclude Include="..\d3d11nt\Graphics\SerializableGraphicsObject.h">
      <Filter>Header Files</Filter>
    </ClInclude>
    <ClInclude Include="..\d3d11nt\Graphics\MaterialBatchStructuredBuffer.h">
      <Filter>Header Files</Filter>
    </ClInclude>
    <ClInclude Include="..\d3d11nt\Graphics\MappableDX11MultipleObjectsHolder.h">
      <Filter>Header Files</Filter>
    </ClInclude>
    <ClInclude Include="..\d3d11nt\Graphics\GeneralShaderMutationsDefines.h">
      <Filter>Header Files</Filter>
    </ClInclude>
    <ClInclude Include="..\d3d11nt\Graphics\GraphicsTextureCollection.h">
      <Filter>Header Files</Filter>
    </ClInclude>
    <ClInclude Include="..\d3d11nt\Extern\WICTextureLoader.h">
      <Filter>Header Files</Filter>
    </ClInclude>
    <ClInclude Include="..\d3d11nt\Graphics\GBuffer.h">
      <Filter>Header Files</Filter>
    </ClInclude>
    <ClInclude Include="..\d3d11nt\Graphics\FullscreenQuad.h">
      <Filter>Header Files</Filter>
    </ClInclude>
    <ClInclude Include="..\d3d11nt\Graphics\DeferredShadingFullscreenQuad.h">
      <Filter>Header Files</Filter>
    </ClInclude>
    <ClInclude Include="..\d3d11nt\Graphics\GraphicsGPUResident.h">
      <Filter>Header Files</Filter>
    </ClInclude>
    <ClInclude Include="..\d3d11nt\Graphics\BasicPixelShaderVariations.h">
      <Filter>Header Files</Filter>
    </ClInclude>
    <ClInclude Include="..\d3d11nt\Graphics\BlurShaderVariations.h">
      <Filter>Header Files</Filter>
    </ClInclude>
    <ClInclude Include="..\d3d11nt\Graphics\DeferredShadingShaderVariations.h">
      <Filter>Header Files</Filter>
    </ClInclude>
    <ClInclude Include="..\d3d11nt\Graphics\GraphicsLightObject.h">
      <Filter>Header Files</Filter>
    </ClInclude>
  </ItemGroup>
  <ItemGroup>
    <ClCompile Include="stdafx.cpp">
      <Filter>Source Files</Filter>
    </ClCompile>
    <ClCompile Include="..\d3d11nt\graphics\DisplayAdaptersList.cpp">
      <Filter>Source Files</Filter>
    </ClCompile>
    <ClCompile Include="..\d3d11nt\graphics\dxerrorcodesinterpreteutil.cpp">
      <Filter>Source Files</Filter>
    </ClCompile>
    <ClCompile Include="..\d3d11nt\graphics\GraphicsDevice.cpp">
      <Filter>Source Files</Filter>
    </ClCompile>
    <ClCompile Include="..\d3d11nt\graphics\GraphicsOptions.cpp">
      <Filter>Source Files</Filter>
    </ClCompile>
    <ClCompile Include="..\d3d11nt\graphics\GraphicsSurface.cpp">
      <Filter>Source Files</Filter>
    </ClCompile>
    <ClCompile Include="..\d3d11nt\graphics\GraphicsSwapChain.cpp">
      <Filter>Source Files</Filter>
    </ClCompile>
    <ClCompile Include="..\d3d11nt\graphics\GraphicsViewport.cpp">
      <Filter>Source Files</Filter>
    </ClCompile>
    <ClCompile Include="..\d3d11nt\graphics\multisampleutils.cpp">
      <Filter>Source Files</Filter>
    </ClCompile>
    <ClCompile Include="..\d3d11nt\graphics\RenderSet.cpp">
      <Filter>Source Files</Filter>
    </ClCompile>
    <ClCompile Include="..\d3d11nt\graphics\Texture2D.cpp">
      <Filter>Source Files</Filter>
    </ClCompile>
    <ClCompile Include="..\d3d11nt\Graphics\FrameMeasurer.cpp">
      <Filter>Source Files</Filter>
    </ClCompile>
    <ClCompile Include="..\d3d11nt\Graphics\GraphicsBuffer.cpp">
      <Filter>Source Files</Filter>
    </ClCompile>
    <ClCompile Include="..\d3d11nt\Graphics\VertexData.cpp">
      <Filter>Source Files</Filter>
    </ClCompile>
    <ClCompile Include="..\d3d11nt\Graphics\GraphicsShader.cpp">
      <Filter>Source Files</Filter>
    </ClCompile>
    <ClCompile Include="..\d3d11nt\Graphics\GraphicsInputLayout.cpp">
      <Filter>Source Files</Filter>
    </ClCompile>
    <ClCompile Include="..\d3d11nt\Graphics\GraphicsConstantsBuffer.cpp">
      <Filter>Source Files</Filter>
    </ClCompile>
    <ClCompile Include="..\d3d11nt\Graphics\ShadersCollection.cpp">
      <Filter>Source Files</Filter>
    </ClCompile>
    <ClCompile Include="..\d3d11nt\Graphics\FrameRateLock.cpp">
      <Filter>Source Files</Filter>
    </ClCompile>
    <ClCompile Include="..\d3d11nt\Graphics\MaterialBatchStructuredBuffer.cpp">
      <Filter>Source Files</Filter>
    </ClCompile>
    <ClCompile Include="..\d3d11nt\Graphics\GraphicsTextureCollection.cpp">
      <Filter>Source Files</Filter>
    </ClCompile>
    <ClCompile Include="..\d3d11nt\Graphics\GraphicsMaterialsManager.cpp">
      <Filter>Source Files</Filter>
    </ClCompile>
    <ClCompile Include="..\d3d11nt\Graphics\PlainColorMaterial.cpp">
      <Filter>Source Files</Filter>
    </ClCompile>
    <ClCompile Include="..\d3d11nt\Graphics\GraphicsMaterial.cpp">
      <Filter>Source Files</Filter>
    </ClCompile>
    <ClCompile Include="..\d3d11nt\Graphics\OrdinaryGraphicsObjectManager.cpp">
      <Filter>Source Files</Filter>
    </ClCompile>
    <ClCompile Include="..\d3d11nt\Graphics\SceneGraph.cpp">
      <Filter>Source Files</Filter>
    </ClCompile>
    <ClCompile Include="..\d3d11nt\Graphics\GraphicsTopology.cpp">
      <Filter>Source Files</Filter>
    </ClCompile>
    <ClCompile Include="..\d3d11nt\Graphics\GraphicsObjectManager.cpp">
      <Filter>Source Files</Filter>
    </ClCompile>
    <ClCompile Include="..\d3d11nt\Graphics\GraphicsObject.cpp">
      <Filter>Source Files</Filter>
    </ClCompile>
    <ClCompile Include="..\d3d11nt\Graphics\BlurShaderVariations.cpp">
      <Filter>Source Files</Filter>
    </ClCompile>
    <ClCompile Include="..\d3d11nt\Graphics\BasicPixelShaderVariations.cpp">
      <Filter>Source Files</Filter>
    </ClCompile>
    <ClCompile Include="..\d3d11nt\Graphics\DeferredShadingShaderVariations.cpp">
      <Filter>Source Files</Filter>
    </ClCompile>
  </ItemGroup>
  <ItemGroup>
    <None Include="cpp.hint" />
  </ItemGroup>
</Project>