<?xml version="1.0" encoding="utf-8"?>
<Project ToolsVersion="4.0" xmlns="http://schemas.microsoft.com/developer/msbuild/2003">
  <ItemGroup>
    <Filter Include="Source Files">
      <UniqueIdentifier>{4FC737F1-C7A5-4376-A066-2A32D752A2FF}</UniqueIdentifier>
      <Extensions>cpp;c;cc;cxx;def;odl;idl;hpj;bat;asm;asmx</Extensions>
    </Filter>
    <Filter Include="Header Files">
      <UniqueIdentifier>{93995380-89BD-4b04-88EB-625FBE52EBFB}</UniqueIdentifier>
      <Extensions>h;hh;hpp;hxx;hm;inl;inc;xsd</Extensions>
    </Filter>
    <Filter Include="Resource Files">
      <UniqueIdentifier>{67DA6AB6-F800-4c08-8B7A-83BB121AAD01}</UniqueIdentifier>
      <Extensions>rc;ico;cur;bmp;dlg;rc2;rct;bin;rgs;gif;jpg;jpeg;jpe;resx;tiff;tif;png;wav;mfcribbon-ms</Extensions>
    </Filter>
  </ItemGroup>
  <ItemGroup>
    <Text Include="ReadMe.txt" />
  </ItemGroup>
  <ItemGroup>
    <ClInclude Include="stdafx.h">
      <Filter>Header Files</Filter>
    </ClInclude>
    <ClInclude Include="targetver.h">
      <Filter>Header Files</Filter>
    </ClInclude>
    <ClInclude Include="..\d3d11nt\System\areahelper.h">
      <Filter>Header Files</Filter>
    </ClInclude>
    <ClInclude Include="..\d3d11nt\System\BigChunkAllocator.h">
      <Filter>Header Files</Filter>
    </ClInclude>
    <ClInclude Include="..\d3d11nt\System\BoundQuad.h">
      <Filter>Header Files</Filter>
    </ClInclude>
    <ClInclude Include="..\d3d11nt\System\builddefines.h">
      <Filter>Header Files</Filter>
    </ClInclude>
    <ClInclude Include="..\d3d11nt\System\CommandLineArgs.h">
      <Filter>Header Files</Filter>
    </ClInclude>
    <ClInclude Include="..\d3d11nt\System\fileutils.h">
      <Filter>Header Files</Filter>
    </ClInclude>
    <ClInclude Include="..\d3d11nt\System\helperutil.h">
      <Filter>Header Files</Filter>
    </ClInclude>
    <ClInclude Include="..\d3d11nt\System\IniFile.h">
      <Filter>Header Files</Filter>
    </ClInclude>
    <ClInclude Include="..\d3d11nt\System\IniSerializable.h">
      <Filter>Header Files</Filter>
    </ClInclude>
    <ClInclude Include="..\d3d11nt\System\Log.h">
      <Filter>Header Files</Filter>
    </ClInclude>
    <ClInclude Include="..\d3d11nt\System\logicsafety.h">
      <Filter>Header Files</Filter>
    </ClInclude>
    <ClInclude Include="..\d3d11nt\System\MemoryAllocator.h">
      <Filter>Header Files</Filter>
    </ClInclude>
    <ClInclude Include="..\d3d11nt\System\MemoryManager.h">
      <Filter>Header Files</Filter>
    </ClInclude>
    <ClInclude Include="..\d3d11nt\System\memutils.h">
      <Filter>Header Files</Filter>
    </ClInclude>
    <ClInclude Include="..\d3d11nt\System\SmallChunkAllocator.h">
      <Filter>Header Files</Filter>
    </ClInclude>
    <ClInclude Include="..\d3d11nt\System\stlcontainersintegration.h">
      <Filter>Header Files</Filter>
    </ClInclude>
    <ClInclude Include="..\d3d11nt\System\strutils.h">
      <Filter>Header Files</Filter>
    </ClInclude>
    <ClInclude Include="..\d3d11nt\System\timeutils.h">
      <Filter>Header Files</Filter>
    </ClInclude>
    <ClInclude Include="..\d3d11nt\System\Window.h">
      <Filter>Header Files</Filter>
    </ClInclude>
    <ClInclude Include="..\d3d11nt\System\winerrorcodesinterpreteutil.h">
      <Filter>Header Files</Filter>
    </ClInclude>
    <ClInclude Include="..\d3d11nt\System\HardwareInfo.h">
      <Filter>Header Files</Filter>
    </ClInclude>
    <ClInclude Include="..\d3d11nt\System\Camera.h">
      <Filter>Header Files</Filter>
    </ClInclude>
    <ClInclude Include="..\d3d11nt\System\ProfileUnit.h">
      <Filter>Header Files</Filter>
    </ClInclude>
    <ClInclude Include="..\d3d11nt\System\ProfileUnitsManager.h">
      <Filter>Header Files</Filter>
    </ClInclude>
    <ClInclude Include="..\d3d11nt\System\typesalias.h">
      <Filter>Header Files</Filter>
    </ClInclude>
    <ClInclude Include="..\d3d11nt\System\arrayutil.h">
      <Filter>Header Files</Filter>
    </ClInclude>
    <ClInclude Include="..\d3d11nt\System\PoolAllocator.h">
      <Filter>Header Files</Filter>
    </ClInclude>
    <ClInclude Include="..\d3d11nt\System\NewBigChunkAllocator.h">
      <Filter>Header Files</Filter>
    </ClInclude>
    <ClInclude Include="..\d3d11nt\System\mtutils.h">
      <Filter>Header Files</Filter>
    </ClInclude>
    <ClInclude Include="..\d3d11nt\System\MouseKeyboardCameraController.h">
      <Filter>Header Files</Filter>
    </ClInclude>
  </ItemGroup>
  <ItemGroup>
    <ClCompile Include="stdafx.cpp">
      <Filter>Source Files</Filter>
    </ClCompile>
    <ClCompile Include="..\d3d11nt\System\Window.cpp">
      <Filter>Source Files</Filter>
    </ClCompile>
    <ClCompile Include="..\d3d11nt\System\timeutils.cpp">
      <Filter>Source Files</Filter>
    </ClCompile>
    <ClCompile Include="..\d3d11nt\System\strutils.cpp">
      <Filter>Source Files</Filter>
    </ClCompile>
    <ClCompile Include="..\d3d11nt\System\SmallChunkAllocator.cpp">
      <Filter>Source Files</Filter>
    </ClCompile>
    <ClCompile Include="..\d3d11nt\System\memutils.cpp">
      <Filter>Source Files</Filter>
    </ClCompile>
    <ClCompile Include="..\d3d11nt\System\MemoryManager.cpp">
      <Filter>Source Files</Filter>
    </ClCompile>
    <ClCompile Include="..\d3d11nt\System\IniSerializable.cpp">
      <Filter>Source Files</Filter>
    </ClCompile>
    <ClCompile Include="..\d3d11nt\System\Log.cpp">
      <Filter>Source Files</Filter>
    </ClCompile>
    <ClCompile Include="..\d3d11nt\System\IniFile.cpp">
      <Filter>Source Files</Filter>
    </ClCompile>
    <ClCompile Include="..\d3d11nt\System\fileutils.cpp">
      <Filter>Source Files</Filter>
    </ClCompile>
    <ClCompile Include="..\d3d11nt\System\CommandLineArgs.cpp">
      <Filter>Source Files</Filter>
    </ClCompile>
    <ClCompile Include="..\d3d11nt\System\BigChunkAllocator.cpp">
      <Filter>Source Files</Filter>
    </ClCompile>
    <ClCompile Include="..\d3d11nt\System\winerrorcodesinterpreteutil.cpp">
      <Filter>Source Files</Filter>
    </ClCompile>
    <ClCompile Include="..\d3d11nt\System\HardwareInfo.cpp">
      <Filter>Source Files</Filter>
    </ClCompile>
    <ClCompile Include="..\d3d11nt\System\Camera.cpp">
      <Filter>Source Files</Filter>
    </ClCompile>
    <ClCompile Include="..\d3d11nt\System\ProfileUnit.cpp">
      <Filter>Source Files</Filter>
    </ClCompile>
    <ClCompile Include="..\d3d11nt\System\ProfileUnitsManager.cpp">
      <Filter>Source Files</Filter>
    </ClCompile>
    <ClCompile Include="..\d3d11nt\System\PoolAllocator.cpp">
      <Filter>Source Files</Filter>
    </ClCompile>
    <ClCompile Include="..\d3d11nt\System\NewBigChunkAllocator.cpp">
      <Filter>Source Files</Filter>
    </ClCompile>
    <ClCompile Include="..\d3d11nt\System\stlcontainersintegration.cpp">
      <Filter>Source Files</Filter>
    </ClCompile>
    <ClCompile Include="..\d3d11nt\System\MouseKeyboardCameraController.cpp">
      <Filter>Source Files</Filter>
    </ClCompile>
  </ItemGroup>
</Project>